
Microsoft Visual Studio Solution File, Format Version 12.00
# Visual Studio Version 16
VisualStudioVersion = 16.0.31613.86
MinimumVisualStudioVersion = 10.0.40219.1
Project("{FAE04EC0-301F-11D3-BF4B-00C04F79EFBC}") = "Task21", "Task21\Task21.csproj", "{41CCBD80-0D36-4887-BEAB-037B1C5FB1D7}"
EndProject
Global
	GlobalSection(SolutionConfigurationPlatforms) = preSolution
		Debug|Any CPU = Debug|Any CPU
		Release|Any CPU = Release|Any CPU
	EndGlobalSection
	GlobalSection(ProjectConfigurationPlatforms) = postSolution
		{41CCBD80-0D36-4887-BEAB-037B1C5FB1D7}.Debug|Any CPU.ActiveCfg = Debug|Any CPU
		{41CCBD80-0D36-4887-BEAB-037B1C5FB1D7}.Debug|Any CPU.Build.0 = Debug|Any CPU
		{41CCBD80-0D36-4887-BEAB-037B1C5FB1D7}.Release|Any CPU.ActiveCfg = Release|Any CPU
		{41CCBD80-0D36-4887-BEAB-037B1C5FB1D7}.Release|Any CPU.Build.0 = Release|Any CPU
	EndGlobalSection
	GlobalSection(SolutionProperties) = preSolution
		HideSolutionNode = FALSE
	EndGlobalSection
	GlobalSection(ExtensibilityGlobals) = postSolution
		SolutionGuid = {4FD4D693-389C-42BA-9737-A11B553F2173}
	EndGlobalSection
EndGlobal
